
Microsoft Visual Studio Solution File, Format Version 12.00
# Visual Studio 14
VisualStudioVersion = 14.0.25420.1
MinimumVisualStudioVersion = 10.0.40219.1
Project("{FAE04EC0-301F-11D3-BF4B-00C04F79EFBC}") = "DB Optimize - Core", "DB Optimize\DB Optimize - Core.csproj", "{8B5940FE-6D00-44AE-8482-AF9A25F17941}"
EndProject
Project("{FAE04EC0-301F-11D3-BF4B-00C04F79EFBC}") = "DB Optimize - GUI", "DB Optimize - GUI\DB Optimize - GUI.csproj", "{244F3E04-5D2C-452E-8592-89A926623E98}"
EndProject
Global
	GlobalSection(SolutionConfigurationPlatforms) = preSolution
		Debug|Any CPU = Debug|Any CPU
		Release|Any CPU = Release|Any CPU
	EndGlobalSection
	GlobalSection(ProjectConfigurationPlatforms) = postSolution
		{8B5940FE-6D00-44AE-8482-AF9A25F17941}.Debug|Any CPU.ActiveCfg = Debug|Any CPU
		{8B5940FE-6D00-44AE-8482-AF9A25F17941}.Debug|Any CPU.Build.0 = Debug|Any CPU
		{8B5940FE-6D00-44AE-8482-AF9A25F17941}.Release|Any CPU.ActiveCfg = Release|Any CPU
		{8B5940FE-6D00-44AE-8482-AF9A25F17941}.Release|Any CPU.Build.0 = Release|Any CPU
		{244F3E04-5D2C-452E-8592-89A926623E98}.Debug|Any CPU.ActiveCfg = Debug|Any CPU
		{244F3E04-5D2C-452E-8592-89A926623E98}.Debug|Any CPU.Build.0 = Debug|Any CPU
		{244F3E04-5D2C-452E-8592-89A926623E98}.Release|Any CPU.ActiveCfg = Release|Any CPU
		{244F3E04-5D2C-452E-8592-89A926623E98}.Release|Any CPU.Build.0 = Release|Any CPU
	EndGlobalSection
	GlobalSection(SolutionProperties) = preSolution
		HideSolutionNode = FALSE
	EndGlobalSection
EndGlobal
